// !$*UTF8*$!
{
	archiveVersion = 1;
	classes = {
	};
	objectVersion = 55;
	objects = {

/* Begin PBXBuildFile section */
		3B58646E24637F9C0E678532 /* Pods_SoulMusic_SoulMusicUITests.framework in Frameworks */ = {isa = PBXBuildFile; fileRef = 1553B4FA692FAFE4986C324D /* Pods_SoulMusic_SoulMusicUITests.framework */; };
		47FC5235C4B29C888FD155FF /* Pods_SoulMusic.framework in Frameworks */ = {isa = PBXBuildFile; fileRef = 44323BF72F979DBAA68FCDBF /* Pods_SoulMusic.framework */; };
		570070BF28B390C700E1C71F /* test.mp4 in Resources */ = {isa = PBXBuildFile; fileRef = 570070BE28B390C700E1C71F /* test.mp4 */; };
		571A15D528B22F900044C99B /* FullScreenView.swift in Sources */ = {isa = PBXBuildFile; fileRef = 571A15D428B22F900044C99B /* FullScreenView.swift */; };
		571A15D728B26BD40044C99B /* AriaCard.swift in Sources */ = {isa = PBXBuildFile; fileRef = 571A15D628B26BD40044C99B /* AriaCard.swift */; };
		571A15D928B2719C0044C99B /* ProfileMoreView.swift in Sources */ = {isa = PBXBuildFile; fileRef = 571A15D828B2719C0044C99B /* ProfileMoreView.swift */; };
		571A15DB28B276190044C99B /* PeopleProfileView.swift in Sources */ = {isa = PBXBuildFile; fileRef = 571A15DA28B276190044C99B /* PeopleProfileView.swift */; };
		571A15DF28B2847E0044C99B /* NotView.swift in Sources */ = {isa = PBXBuildFile; fileRef = 571A15DE28B2847E0044C99B /* NotView.swift */; };
		571A15E128B285700044C99B /* NotSearchView.swift in Sources */ = {isa = PBXBuildFile; fileRef = 571A15E028B285700044C99B /* NotSearchView.swift */; };
		571A15E328B290560044C99B /* NotCard.swift in Sources */ = {isa = PBXBuildFile; fileRef = 571A15E228B290560044C99B /* NotCard.swift */; };
		5743682C28B36B4200BD9AAC /* ARcommunityView.swift in Sources */ = {isa = PBXBuildFile; fileRef = 5743682B28B36B4200BD9AAC /* ARcommunityView.swift */; };
		5745159028ABE07B00CA0DDA /* MenuView.swift in Sources */ = {isa = PBXBuildFile; fileRef = 5745158F28ABE07B00CA0DDA /* MenuView.swift */; };
		5756136128AAC346002F6F1C /* ProfileView.swift in Sources */ = {isa = PBXBuildFile; fileRef = 5756136028AAC346002F6F1C /* ProfileView.swift */; };
		5756136328AB8241002F6F1C /* MainView.swift in Sources */ = {isa = PBXBuildFile; fileRef = 5756136228AB8241002F6F1C /* MainView.swift */; };
		5756136528AB9359002F6F1C /* SongList.swift in Sources */ = {isa = PBXBuildFile; fileRef = 5756136428AB9359002F6F1C /* SongList.swift */; };
		5756136728AB97AE002F6F1C /* SettingView.swift in Sources */ = {isa = PBXBuildFile; fileRef = 5756136628AB97AE002F6F1C /* SettingView.swift */; };
		5756136928AB9A63002F6F1C /* NavView.swift in Sources */ = {isa = PBXBuildFile; fileRef = 5756136828AB9A63002F6F1C /* NavView.swift */; };
		577B35B828AA04B3007DDC91 /* SoulMusicApp.swift in Sources */ = {isa = PBXBuildFile; fileRef = 577B35B728AA04B3007DDC91 /* SoulMusicApp.swift */; };
		577B35BA28AA04B3007DDC91 /* ContentView.swift in Sources */ = {isa = PBXBuildFile; fileRef = 577B35B928AA04B3007DDC91 /* ContentView.swift */; };
		577B35BC28AA04B5007DDC91 /* Assets.xcassets in Resources */ = {isa = PBXBuildFile; fileRef = 577B35BB28AA04B5007DDC91 /* Assets.xcassets */; };
		577B35BF28AA04B5007DDC91 /* Preview Assets.xcassets in Resources */ = {isa = PBXBuildFile; fileRef = 577B35BE28AA04B5007DDC91 /* Preview Assets.xcassets */; };
		577B35C128AA04B5007DDC91 /* Persistence.swift in Sources */ = {isa = PBXBuildFile; fileRef = 577B35C028AA04B5007DDC91 /* Persistence.swift */; };
		577B35C428AA04B5007DDC91 /* SoulMusic.xcdatamodeld in Sources */ = {isa = PBXBuildFile; fileRef = 577B35C228AA04B5007DDC91 /* SoulMusic.xcdatamodeld */; };
		577B35CE28AA04B5007DDC91 /* SoulMusicTests.swift in Sources */ = {isa = PBXBuildFile; fileRef = 577B35CD28AA04B5007DDC91 /* SoulMusicTests.swift */; };
		577B35D828AA04B5007DDC91 /* SoulMusicUITests.swift in Sources */ = {isa = PBXBuildFile; fileRef = 577B35D728AA04B5007DDC91 /* SoulMusicUITests.swift */; };
		577B35DA28AA04B5007DDC91 /* SoulMusicUITestsLaunchTests.swift in Sources */ = {isa = PBXBuildFile; fileRef = 577B35D928AA04B5007DDC91 /* SoulMusicUITestsLaunchTests.swift */; };
		577B35EF28AA0DEE007DDC91 /* TabbarView.swift in Sources */ = {isa = PBXBuildFile; fileRef = 577B35EE28AA0DEE007DDC91 /* TabbarView.swift */; };
		577B35F128AA38A3007DDC91 /* SearchView.swift in Sources */ = {isa = PBXBuildFile; fileRef = 577B35F028AA38A3007DDC91 /* SearchView.swift */; };
		577B35F328AA432C007DDC91 /* Data.swift in Sources */ = {isa = PBXBuildFile; fileRef = 577B35F228AA432C007DDC91 /* Data.swift */; };
		577B35F928AA5112007DDC91 /* TabtitleView.swift in Sources */ = {isa = PBXBuildFile; fileRef = 577B35F828AA5112007DDC91 /* TabtitleView.swift */; };
		577B35FB28AA6D6C007DDC91 /* FunctionView.swift in Sources */ = {isa = PBXBuildFile; fileRef = 577B35FA28AA6D6C007DDC91 /* FunctionView.swift */; };
		577B35FF28AA70A4007DDC91 /* Extension.swift in Sources */ = {isa = PBXBuildFile; fileRef = 577B35FE28AA70A4007DDC91 /* Extension.swift */; };
		577B360128AA7EF5007DDC91 /* PicCard.swift in Sources */ = {isa = PBXBuildFile; fileRef = 577B360028AA7EF5007DDC91 /* PicCard.swift */; };
		577B360328AA7FEF007DDC91 /* CardName.swift in Sources */ = {isa = PBXBuildFile; fileRef = 577B360228AA7FEF007DDC91 /* CardName.swift */; };
		577B360528AA8009007DDC91 /* CardBar.swift in Sources */ = {isa = PBXBuildFile; fileRef = 577B360428AA8009007DDC91 /* CardBar.swift */; };
		577B360728AA9089007DDC91 /* RecommendView.swift in Sources */ = {isa = PBXBuildFile; fileRef = 577B360628AA9089007DDC91 /* RecommendView.swift */; };
		577B360B28AA9A76007DDC91 /* FocusView.swift in Sources */ = {isa = PBXBuildFile; fileRef = 577B360A28AA9A76007DDC91 /* FocusView.swift */; };
		577B360D28AA9C80007DDC91 /* TravelView.swift in Sources */ = {isa = PBXBuildFile; fileRef = 577B360C28AA9C80007DDC91 /* TravelView.swift */; };
		577B361128AA9E4E007DDC91 /* WelcomeView.swift in Sources */ = {isa = PBXBuildFile; fileRef = 577B361028AA9E4E007DDC91 /* WelcomeView.swift */; };
		578356E728ADE1CC008F34FB /* RemarkCard.swift in Sources */ = {isa = PBXBuildFile; fileRef = 578356E628ADE1CC008F34FB /* RemarkCard.swift */; };
		578356E928AE4DBE008F34FB /* SearchDetailView.swift in Sources */ = {isa = PBXBuildFile; fileRef = 578356E828AE4DBE008F34FB /* SearchDetailView.swift */; };
		57E1071828B7581B003D8527 /* SmartHitTest in Frameworks */ = {isa = PBXBuildFile; productRef = 57E1071728B7581B003D8527 /* SmartHitTest */; };
		57E1071A28B7583F003D8527 /* models in Resources */ = {isa = PBXBuildFile; fileRef = 57E1071928B7583F003D8527 /* models */; };
		57EAD46128B763CC006587B7 /* FocusEntity in Frameworks */ = {isa = PBXBuildFile; productRef = 57EAD46028B763CC006587B7 /* FocusEntity */; };
		57EAD46328B775F3006587B7 /* ARmakerView.swift in Sources */ = {isa = PBXBuildFile; fileRef = 57EAD46228B775F3006587B7 /* ARmakerView.swift */; };
		57EAD46528B7761E006587B7 /* modelmanger.swift in Sources */ = {isa = PBXBuildFile; fileRef = 57EAD46428B7761E006587B7 /* modelmanger.swift */; };
		57EAD46928B7784C006587B7 /* fender_stratocaster.usdz in Resources */ = {isa = PBXBuildFile; fileRef = 57EAD46628B7784B006587B7 /* fender_stratocaster.usdz */; };
		57EAD46A28B7784C006587B7 /* toy_drummer.usdz in Resources */ = {isa = PBXBuildFile; fileRef = 57EAD46728B7784B006587B7 /* toy_drummer.usdz */; };
		57EAD46B28B7784C006587B7 /* gramophone.usdz in Resources */ = {isa = PBXBuildFile; fileRef = 57EAD46828B7784C006587B7 /* gramophone.usdz */; };
		57EE451C28AFE10E005F50A9 /* CameraView.swift in Sources */ = {isa = PBXBuildFile; fileRef = 57EE451B28AFE10E005F50A9 /* CameraView.swift */; };
		57F000FC28B4BC69000F62C0 /* Signin.swift in Sources */ = {isa = PBXBuildFile; fileRef = 57F000FB28B4BC69000F62C0 /* Signin.swift */; };
		57F000FE28B4BC7C000F62C0 /* Signup.swift in Sources */ = {isa = PBXBuildFile; fileRef = 57F000FD28B4BC7C000F62C0 /* Signup.swift */; };
		57F0010028B4C2F1000F62C0 /* Signpage.swift in Sources */ = {isa = PBXBuildFile; fileRef = 57F000FF28B4C2F1000F62C0 /* Signpage.swift */; };
		57F0010228B4D3A2000F62C0 /* Signup2.swift in Sources */ = {isa = PBXBuildFile; fileRef = 57F0010128B4D3A2000F62C0 /* Signup2.swift */; };
		57F0010428B4D564000F62C0 /* Signup3.swift in Sources */ = {isa = PBXBuildFile; fileRef = 57F0010328B4D564000F62C0 /* Signup3.swift */; };
		57F76C8728B14F4600368CE7 /* ShareView.swift in Sources */ = {isa = PBXBuildFile; fileRef = 57F76C8628B14F4600368CE7 /* ShareView.swift */; };
		57F76C8928B161A800368CE7 /* MoreView.swift in Sources */ = {isa = PBXBuildFile; fileRef = 57F76C8828B161A800368CE7 /* MoreView.swift */; };
		57FE773C28B0C2BA007A0C6A /* MobileNetV2.mlmodel in Sources */ = {isa = PBXBuildFile; fileRef = 57FE773B28B0C2BA007A0C6A /* MobileNetV2.mlmodel */; };
		ACA0DC11FBCB1F335E23CC57 /* Pods_SoulMusicTests.framework in Frameworks */ = {isa = PBXBuildFile; fileRef = 7D632C5867B5BF54C4132E1D /* Pods_SoulMusicTests.framework */; };
/* End PBXBuildFile section */

/* Begin PBXContainerItemProxy section */
		577B35CA28AA04B5007DDC91 /* PBXContainerItemProxy */ = {
			isa = PBXContainerItemProxy;
			containerPortal = 577B35AC28AA04B3007DDC91 /* Project object */;
			proxyType = 1;
			remoteGlobalIDString = 577B35B328AA04B3007DDC91;
			remoteInfo = SoulMusic;
		};
		577B35D428AA04B5007DDC91 /* PBXContainerItemProxy */ = {
			isa = PBXContainerItemProxy;
			containerPortal = 577B35AC28AA04B3007DDC91 /* Project object */;
			proxyType = 1;
			remoteGlobalIDString = 577B35B328AA04B3007DDC91;
			remoteInfo = SoulMusic;
		};
/* End PBXContainerItemProxy section */

/* Begin PBXFileReference section */
		1177743D1F5AF6145ABD0F92 /* Pods-SoulMusic-SoulMusicUITests.debug.xcconfig */ = {isa = PBXFileReference; includeInIndex = 1; lastKnownFileType = text.xcconfig; name = "Pods-SoulMusic-SoulMusicUITests.debug.xcconfig"; path = "Target Support Files/Pods-SoulMusic-SoulMusicUITests/Pods-SoulMusic-SoulMusicUITests.debug.xcconfig"; sourceTree = "<group>"; };
		1553B4FA692FAFE4986C324D /* Pods_SoulMusic_SoulMusicUITests.framework */ = {isa = PBXFileReference; explicitFileType = wrapper.framework; includeInIndex = 0; path = Pods_SoulMusic_SoulMusicUITests.framework; sourceTree = BUILT_PRODUCTS_DIR; };
		44323BF72F979DBAA68FCDBF /* Pods_SoulMusic.framework */ = {isa = PBXFileReference; explicitFileType = wrapper.framework; includeInIndex = 0; path = Pods_SoulMusic.framework; sourceTree = BUILT_PRODUCTS_DIR; };
		570070BE28B390C700E1C71F /* test.mp4 */ = {isa = PBXFileReference; lastKnownFileType = file; path = test.mp4; sourceTree = "<group>"; };
		571A15D428B22F900044C99B /* FullScreenView.swift */ = {isa = PBXFileReference; lastKnownFileType = sourcecode.swift; path = FullScreenView.swift; sourceTree = "<group>"; };
		571A15D628B26BD40044C99B /* AriaCard.swift */ = {isa = PBXFileReference; lastKnownFileType = sourcecode.swift; path = AriaCard.swift; sourceTree = "<group>"; };
		571A15D828B2719C0044C99B /* ProfileMoreView.swift */ = {isa = PBXFileReference; lastKnownFileType = sourcecode.swift; path = ProfileMoreView.swift; sourceTree = "<group>"; };
		571A15DA28B276190044C99B /* PeopleProfileView.swift */ = {isa = PBXFileReference; lastKnownFileType = sourcecode.swift; path = PeopleProfileView.swift; sourceTree = "<group>"; };
		571A15DE28B2847E0044C99B /* NotView.swift */ = {isa = PBXFileReference; lastKnownFileType = sourcecode.swift; path = NotView.swift; sourceTree = "<group>"; };
		571A15E028B285700044C99B /* NotSearchView.swift */ = {isa = PBXFileReference; lastKnownFileType = sourcecode.swift; path = NotSearchView.swift; sourceTree = "<group>"; };
		571A15E228B290560044C99B /* NotCard.swift */ = {isa = PBXFileReference; lastKnownFileType = sourcecode.swift; path = NotCard.swift; sourceTree = "<group>"; };
		5743682B28B36B4200BD9AAC /* ARcommunityView.swift */ = {isa = PBXFileReference; lastKnownFileType = sourcecode.swift; path = ARcommunityView.swift; sourceTree = "<group>"; };
		5745158F28ABE07B00CA0DDA /* MenuView.swift */ = {isa = PBXFileReference; lastKnownFileType = sourcecode.swift; path = MenuView.swift; sourceTree = "<group>"; };
		5756136028AAC346002F6F1C /* ProfileView.swift */ = {isa = PBXFileReference; lastKnownFileType = sourcecode.swift; path = ProfileView.swift; sourceTree = "<group>"; };
		5756136228AB8241002F6F1C /* MainView.swift */ = {isa = PBXFileReference; lastKnownFileType = sourcecode.swift; path = MainView.swift; sourceTree = "<group>"; };
		5756136428AB9359002F6F1C /* SongList.swift */ = {isa = PBXFileReference; lastKnownFileType = sourcecode.swift; path = SongList.swift; sourceTree = "<group>"; };
		5756136628AB97AE002F6F1C /* SettingView.swift */ = {isa = PBXFileReference; lastKnownFileType = sourcecode.swift; path = SettingView.swift; sourceTree = "<group>"; };
		5756136828AB9A63002F6F1C /* NavView.swift */ = {isa = PBXFileReference; lastKnownFileType = sourcecode.swift; path = NavView.swift; sourceTree = "<group>"; };
		577B35B428AA04B3007DDC91 /* SoulMusic.app */ = {isa = PBXFileReference; explicitFileType = wrapper.application; includeInIndex = 0; path = SoulMusic.app; sourceTree = BUILT_PRODUCTS_DIR; };
		577B35B728AA04B3007DDC91 /* SoulMusicApp.swift */ = {isa = PBXFileReference; lastKnownFileType = sourcecode.swift; path = SoulMusicApp.swift; sourceTree = "<group>"; };
		577B35B928AA04B3007DDC91 /* ContentView.swift */ = {isa = PBXFileReference; lastKnownFileType = sourcecode.swift; path = ContentView.swift; sourceTree = "<group>"; };
		577B35BB28AA04B5007DDC91 /* Assets.xcassets */ = {isa = PBXFileReference; lastKnownFileType = folder.assetcatalog; path = Assets.xcassets; sourceTree = "<group>"; };
		577B35BE28AA04B5007DDC91 /* Preview Assets.xcassets */ = {isa = PBXFileReference; lastKnownFileType = folder.assetcatalog; path = "Preview Assets.xcassets"; sourceTree = "<group>"; };
		577B35C028AA04B5007DDC91 /* Persistence.swift */ = {isa = PBXFileReference; lastKnownFileType = sourcecode.swift; path = Persistence.swift; sourceTree = "<group>"; };
		577B35C328AA04B5007DDC91 /* SoulMusic.xcdatamodel */ = {isa = PBXFileReference; lastKnownFileType = wrapper.xcdatamodel; path = SoulMusic.xcdatamodel; sourceTree = "<group>"; };
		577B35C928AA04B5007DDC91 /* SoulMusicTests.xctest */ = {isa = PBXFileReference; explicitFileType = wrapper.cfbundle; includeInIndex = 0; path = SoulMusicTests.xctest; sourceTree = BUILT_PRODUCTS_DIR; };
		577B35CD28AA04B5007DDC91 /* SoulMusicTests.swift */ = {isa = PBXFileReference; lastKnownFileType = sourcecode.swift; path = SoulMusicTests.swift; sourceTree = "<group>"; };
		577B35D328AA04B5007DDC91 /* SoulMusicUITests.xctest */ = {isa = PBXFileReference; explicitFileType = wrapper.cfbundle; includeInIndex = 0; path = SoulMusicUITests.xctest; sourceTree = BUILT_PRODUCTS_DIR; };
		577B35D728AA04B5007DDC91 /* SoulMusicUITests.swift */ = {isa = PBXFileReference; lastKnownFileType = sourcecode.swift; path = SoulMusicUITests.swift; sourceTree = "<group>"; };
		577B35D928AA04B5007DDC91 /* SoulMusicUITestsLaunchTests.swift */ = {isa = PBXFileReference; lastKnownFileType = sourcecode.swift; path = SoulMusicUITestsLaunchTests.swift; sourceTree = "<group>"; };
		577B35EE28AA0DEE007DDC91 /* TabbarView.swift */ = {isa = PBXFileReference; lastKnownFileType = sourcecode.swift; path = TabbarView.swift; sourceTree = "<group>"; };
		577B35F028AA38A3007DDC91 /* SearchView.swift */ = {isa = PBXFileReference; lastKnownFileType = sourcecode.swift; path = SearchView.swift; sourceTree = "<group>"; };
		577B35F228AA432C007DDC91 /* Data.swift */ = {isa = PBXFileReference; lastKnownFileType = sourcecode.swift; path = Data.swift; sourceTree = "<group>"; };
		577B35F828AA5112007DDC91 /* TabtitleView.swift */ = {isa = PBXFileReference; lastKnownFileType = sourcecode.swift; path = TabtitleView.swift; sourceTree = "<group>"; };
		577B35FA28AA6D6C007DDC91 /* FunctionView.swift */ = {isa = PBXFileReference; lastKnownFileType = sourcecode.swift; path = FunctionView.swift; sourceTree = "<group>"; };
		577B35FE28AA70A4007DDC91 /* Extension.swift */ = {isa = PBXFileReference; lastKnownFileType = sourcecode.swift; path = Extension.swift; sourceTree = "<group>"; };
		577B360028AA7EF5007DDC91 /* PicCard.swift */ = {isa = PBXFileReference; lastKnownFileType = sourcecode.swift; path = PicCard.swift; sourceTree = "<group>"; };
		577B360228AA7FEF007DDC91 /* CardName.swift */ = {isa = PBXFileReference; lastKnownFileType = sourcecode.swift; path = CardName.swift; sourceTree = "<group>"; };
		577B360428AA8009007DDC91 /* CardBar.swift */ = {isa = PBXFileReference; lastKnownFileType = sourcecode.swift; path = CardBar.swift; sourceTree = "<group>"; };
		577B360628AA9089007DDC91 /* RecommendView.swift */ = {isa = PBXFileReference; lastKnownFileType = sourcecode.swift; path = RecommendView.swift; sourceTree = "<group>"; };
		577B360A28AA9A76007DDC91 /* FocusView.swift */ = {isa = PBXFileReference; lastKnownFileType = sourcecode.swift; path = FocusView.swift; sourceTree = "<group>"; };
		577B360C28AA9C80007DDC91 /* TravelView.swift */ = {isa = PBXFileReference; lastKnownFileType = sourcecode.swift; path = TravelView.swift; sourceTree = "<group>"; };
		577B361028AA9E4E007DDC91 /* WelcomeView.swift */ = {isa = PBXFileReference; lastKnownFileType = sourcecode.swift; path = WelcomeView.swift; sourceTree = "<group>"; };
		578356E628ADE1CC008F34FB /* RemarkCard.swift */ = {isa = PBXFileReference; lastKnownFileType = sourcecode.swift; path = RemarkCard.swift; sourceTree = "<group>"; };
		578356E828AE4DBE008F34FB /* SearchDetailView.swift */ = {isa = PBXFileReference; lastKnownFileType = sourcecode.swift; path = SearchDetailView.swift; sourceTree = "<group>"; };
		57E1071928B7583F003D8527 /* models */ = {isa = PBXFileReference; lastKnownFileType = folder; path = models; sourceTree = "<group>"; };
		57EAD46228B775F3006587B7 /* ARmakerView.swift */ = {isa = PBXFileReference; fileEncoding = 4; lastKnownFileType = sourcecode.swift; path = ARmakerView.swift; sourceTree = "<group>"; };
		57EAD46428B7761E006587B7 /* modelmanger.swift */ = {isa = PBXFileReference; fileEncoding = 4; lastKnownFileType = sourcecode.swift; path = modelmanger.swift; sourceTree = "<group>"; };
		57EAD46628B7784B006587B7 /* fender_stratocaster.usdz */ = {isa = PBXFileReference; lastKnownFileType = file.usdz; path = fender_stratocaster.usdz; sourceTree = "<group>"; };
		57EAD46728B7784B006587B7 /* toy_drummer.usdz */ = {isa = PBXFileReference; lastKnownFileType = file.usdz; path = toy_drummer.usdz; sourceTree = "<group>"; };
		57EAD46828B7784C006587B7 /* gramophone.usdz */ = {isa = PBXFileReference; lastKnownFileType = file.usdz; path = gramophone.usdz; sourceTree = "<group>"; };
		57EE451B28AFE10E005F50A9 /* CameraView.swift */ = {isa = PBXFileReference; lastKnownFileType = sourcecode.swift; path = CameraView.swift; sourceTree = "<group>"; };
		57F000FB28B4BC69000F62C0 /* Signin.swift */ = {isa = PBXFileReference; lastKnownFileType = sourcecode.swift; path = Signin.swift; sourceTree = "<group>"; };
		57F000FD28B4BC7C000F62C0 /* Signup.swift */ = {isa = PBXFileReference; lastKnownFileType = sourcecode.swift; path = Signup.swift; sourceTree = "<group>"; };
		57F000FF28B4C2F1000F62C0 /* Signpage.swift */ = {isa = PBXFileReference; lastKnownFileType = sourcecode.swift; path = Signpage.swift; sourceTree = "<group>"; };
		57F0010128B4D3A2000F62C0 /* Signup2.swift */ = {isa = PBXFileReference; lastKnownFileType = sourcecode.swift; path = Signup2.swift; sourceTree = "<group>"; };
		57F0010328B4D564000F62C0 /* Signup3.swift */ = {isa = PBXFileReference; lastKnownFileType = sourcecode.swift; path = Signup3.swift; sourceTree = "<group>"; };
		57F76C8628B14F4600368CE7 /* ShareView.swift */ = {isa = PBXFileReference; lastKnownFileType = sourcecode.swift; path = ShareView.swift; sourceTree = "<group>"; };
		57F76C8828B161A800368CE7 /* MoreView.swift */ = {isa = PBXFileReference; lastKnownFileType = sourcecode.swift; path = MoreView.swift; sourceTree = "<group>"; };
		57FE773B28B0C2BA007A0C6A /* MobileNetV2.mlmodel */ = {isa = PBXFileReference; lastKnownFileType = file.mlmodel; path = MobileNetV2.mlmodel; sourceTree = "<group>"; };
		7D632C5867B5BF54C4132E1D /* Pods_SoulMusicTests.framework */ = {isa = PBXFileReference; explicitFileType = wrapper.framework; includeInIndex = 0; path = Pods_SoulMusicTests.framework; sourceTree = BUILT_PRODUCTS_DIR; };
		85993B45A51967348DD6B927 /* Pods-SoulMusic.release.xcconfig */ = {isa = PBXFileReference; includeInIndex = 1; lastKnownFileType = text.xcconfig; name = "Pods-SoulMusic.release.xcconfig"; path = "Target Support Files/Pods-SoulMusic/Pods-SoulMusic.release.xcconfig"; sourceTree = "<group>"; };
		8831628FB77C6F8523AD4E83 /* Pods-SoulMusic.debug.xcconfig */ = {isa = PBXFileReference; includeInIndex = 1; lastKnownFileType = text.xcconfig; name = "Pods-SoulMusic.debug.xcconfig"; path = "Target Support Files/Pods-SoulMusic/Pods-SoulMusic.debug.xcconfig"; sourceTree = "<group>"; };
		BF94F643E0867B273CBC6E9D /* Pods-SoulMusicTests.release.xcconfig */ = {isa = PBXFileReference; includeInIndex = 1; lastKnownFileType = text.xcconfig; name = "Pods-SoulMusicTests.release.xcconfig"; path = "Target Support Files/Pods-SoulMusicTests/Pods-SoulMusicTests.release.xcconfig"; sourceTree = "<group>"; };
		C8E3CC91C97D11BD93857112 /* Pods-SoulMusicTests.debug.xcconfig */ = {isa = PBXFileReference; includeInIndex = 1; lastKnownFileType = text.xcconfig; name = "Pods-SoulMusicTests.debug.xcconfig"; path = "Target Support Files/Pods-SoulMusicTests/Pods-SoulMusicTests.debug.xcconfig"; sourceTree = "<group>"; };
		D9C4BCE3C989B885554CD9BC /* Pods-SoulMusic-SoulMusicUITests.release.xcconfig */ = {isa = PBXFileReference; includeInIndex = 1; lastKnownFileType = text.xcconfig; name = "Pods-SoulMusic-SoulMusicUITests.release.xcconfig"; path = "Target Support Files/Pods-SoulMusic-SoulMusicUITests/Pods-SoulMusic-SoulMusicUITests.release.xcconfig"; sourceTree = "<group>"; };
/* End PBXFileReference section */

/* Begin PBXFrameworksBuildPhase section */
		577B35B128AA04B3007DDC91 /* Frameworks */ = {
			isa = PBXFrameworksBuildPhase;
			buildActionMask = 2147483647;
			files = (
				57EAD46128B763CC006587B7 /* FocusEntity in Frameworks */,
				47FC5235C4B29C888FD155FF /* Pods_SoulMusic.framework in Frameworks */,
				57E1071828B7581B003D8527 /* SmartHitTest in Frameworks */,
			);
			runOnlyForDeploymentPostprocessing = 0;
		};
		577B35C628AA04B5007DDC91 /* Frameworks */ = {
			isa = PBXFrameworksBuildPhase;
			buildActionMask = 2147483647;
			files = (
				ACA0DC11FBCB1F335E23CC57 /* Pods_SoulMusicTests.framework in Frameworks */,
			);
			runOnlyForDeploymentPostprocessing = 0;
		};
		577B35D028AA04B5007DDC91 /* Frameworks */ = {
			isa = PBXFrameworksBuildPhase;
			buildActionMask = 2147483647;
			files = (
				3B58646E24637F9C0E678532 /* Pods_SoulMusic_SoulMusicUITests.framework in Frameworks */,
			);
			runOnlyForDeploymentPostprocessing = 0;
		};
/* End PBXFrameworksBuildPhase section */

/* Begin PBXGroup section */
		32A6975DE84ED1D7AEB7BF0A /* Frameworks */ = {
			isa = PBXGroup;
			children = (
				44323BF72F979DBAA68FCDBF /* Pods_SoulMusic.framework */,
				1553B4FA692FAFE4986C324D /* Pods_SoulMusic_SoulMusicUITests.framework */,
				7D632C5867B5BF54C4132E1D /* Pods_SoulMusicTests.framework */,
			);
			name = Frameworks;
			sourceTree = "<group>";
		};
		5743682D28B36BD100BD9AAC /* videos */ = {
			isa = PBXGroup;
			children = (
				570070BE28B390C700E1C71F /* test.mp4 */,
			);
			path = videos;
			sourceTree = "<group>";
		};
		577B35AB28AA04B3007DDC91 = {
			isa = PBXGroup;
			children = (
				577B35B628AA04B3007DDC91 /* SoulMusic */,
				577B35CC28AA04B5007DDC91 /* SoulMusicTests */,
				577B35D628AA04B5007DDC91 /* SoulMusicUITests */,
				577B35B528AA04B3007DDC91 /* Products */,
				BC3B4B8BA7AA485B57D86FEC /* Pods */,
				32A6975DE84ED1D7AEB7BF0A /* Frameworks */,
			);
			sourceTree = "<group>";
		};
		577B35B528AA04B3007DDC91 /* Products */ = {
			isa = PBXGroup;
			children = (
				577B35B428AA04B3007DDC91 /* SoulMusic.app */,
				577B35C928AA04B5007DDC91 /* SoulMusicTests.xctest */,
				577B35D328AA04B5007DDC91 /* SoulMusicUITests.xctest */,
			);
			name = Products;
			sourceTree = "<group>";
		};
		577B35B628AA04B3007DDC91 /* SoulMusic */ = {
			isa = PBXGroup;
			children = (
				57FE773B28B0C2BA007A0C6A /* MobileNetV2.mlmodel */,
				577B35B728AA04B3007DDC91 /* SoulMusicApp.swift */,
				57EAD46C28B7786B006587B7 /* models */,
				57F000FA28B4BC48000F62C0 /* Sign */,
				577B35E628AA0C4F007DDC91 /* Home */,
				577B35E728AA0C88007DDC91 /* Listen */,
				577B35E828AA0CA6007DDC91 /* Musiclibrary */,
				577B35EB28AA0D44007DDC91 /* Profile */,
				577B35EA28AA0D38007DDC91 /* Message */,
				5743682D28B36BD100BD9AAC /* videos */,
				577B35E928AA0D1C007DDC91 /* ARcommunity */,
				577B35ED28AA0D70007DDC91 /* Data */,
				577B35EC28AA0D6A007DDC91 /* Public */,
				577B35BB28AA04B5007DDC91 /* Assets.xcassets */,
				577B35C028AA04B5007DDC91 /* Persistence.swift */,
				577B35C228AA04B5007DDC91 /* SoulMusic.xcdatamodeld */,
				577B35BD28AA04B5007DDC91 /* Preview Content */,
			);
			path = SoulMusic;
			sourceTree = "<group>";
		};
		577B35BD28AA04B5007DDC91 /* Preview Content */ = {
			isa = PBXGroup;
			children = (
				577B35BE28AA04B5007DDC91 /* Preview Assets.xcassets */,
			);
			path = "Preview Content";
			sourceTree = "<group>";
		};
		577B35CC28AA04B5007DDC91 /* SoulMusicTests */ = {
			isa = PBXGroup;
			children = (
				577B35CD28AA04B5007DDC91 /* SoulMusicTests.swift */,
			);
			path = SoulMusicTests;
			sourceTree = "<group>";
		};
		577B35D628AA04B5007DDC91 /* SoulMusicUITests */ = {
			isa = PBXGroup;
			children = (
				577B35D728AA04B5007DDC91 /* SoulMusicUITests.swift */,
				577B35D928AA04B5007DDC91 /* SoulMusicUITestsLaunchTests.swift */,
			);
			path = SoulMusicUITests;
			sourceTree = "<group>";
		};
		577B35E628AA0C4F007DDC91 /* Home */ = {
			isa = PBXGroup;
			children = (
				577B361028AA9E4E007DDC91 /* WelcomeView.swift */,
				577B35B928AA04B3007DDC91 /* ContentView.swift */,
				5756136228AB8241002F6F1C /* MainView.swift */,
			);
			path = Home;
			sourceTree = "<group>";
		};
		577B35E728AA0C88007DDC91 /* Listen */ = {
			isa = PBXGroup;
			children = (
				57EAD46228B775F3006587B7 /* ARmakerView.swift */,
				57EAD46428B7761E006587B7 /* modelmanger.swift */,
				577B35F828AA5112007DDC91 /* TabtitleView.swift */,
				577B35FA28AA6D6C007DDC91 /* FunctionView.swift */,
				577B360C28AA9C80007DDC91 /* TravelView.swift */,
				5745158F28ABE07B00CA0DDA /* MenuView.swift */,
				571A15D628B26BD40044C99B /* AriaCard.swift */,
				57E1071928B7583F003D8527 /* models */,
				577B360628AA9089007DDC91 /* RecommendView.swift */,
				577B360A28AA9A76007DDC91 /* FocusView.swift */,
			);
			path = Listen;
			sourceTree = "<group>";
		};
		577B35E828AA0CA6007DDC91 /* Musiclibrary */ = {
			isa = PBXGroup;
			children = (
			);
			path = Musiclibrary;
			sourceTree = "<group>";
		};
		577B35E928AA0D1C007DDC91 /* ARcommunity */ = {
			isa = PBXGroup;
			children = (
				5743682B28B36B4200BD9AAC /* ARcommunityView.swift */,
			);
			path = ARcommunity;
			sourceTree = "<group>";
		};
		577B35EA28AA0D38007DDC91 /* Message */ = {
			isa = PBXGroup;
			children = (
				571A15DE28B2847E0044C99B /* NotView.swift */,
				571A15E228B290560044C99B /* NotCard.swift */,
				571A15E028B285700044C99B /* NotSearchView.swift */,
			);
			path = Message;
			sourceTree = "<group>";
		};
		577B35EB28AA0D44007DDC91 /* Profile */ = {
			isa = PBXGroup;
			children = (
				5756136028AAC346002F6F1C /* ProfileView.swift */,
				5756136628AB97AE002F6F1C /* SettingView.swift */,
				571A15D828B2719C0044C99B /* ProfileMoreView.swift */,
			);
			path = Profile;
			sourceTree = "<group>";
		};
		577B35EC28AA0D6A007DDC91 /* Public */ = {
			isa = PBXGroup;
			children = (
				57EE451B28AFE10E005F50A9 /* CameraView.swift */,
				57F76C8628B14F4600368CE7 /* ShareView.swift */,
				571A15DA28B276190044C99B /* PeopleProfileView.swift */,
				57F76C8828B161A800368CE7 /* MoreView.swift */,
				577B35EE28AA0DEE007DDC91 /* TabbarView.swift */,
				5756136828AB9A63002F6F1C /* NavView.swift */,
				571A15D428B22F900044C99B /* FullScreenView.swift */,
				5756136428AB9359002F6F1C /* SongList.swift */,
				577B360028AA7EF5007DDC91 /* PicCard.swift */,
				577B360228AA7FEF007DDC91 /* CardName.swift */,
				578356E828AE4DBE008F34FB /* SearchDetailView.swift */,
				577B360428AA8009007DDC91 /* CardBar.swift */,
				578356E628ADE1CC008F34FB /* RemarkCard.swift */,
				577B35F028AA38A3007DDC91 /* SearchView.swift */,
				577B35FE28AA70A4007DDC91 /* Extension.swift */,
			);
			path = Public;
			sourceTree = "<group>";
		};
		577B35ED28AA0D70007DDC91 /* Data */ = {
			isa = PBXGroup;
			children = (
				577B35F228AA432C007DDC91 /* Data.swift */,
			);
			path = Data;
			sourceTree = "<group>";
		};
		57EAD46C28B7786B006587B7 /* models */ = {
			isa = PBXGroup;
			children = (
				57EAD46628B7784B006587B7 /* fender_stratocaster.usdz */,
				57EAD46828B7784C006587B7 /* gramophone.usdz */,
				57EAD46728B7784B006587B7 /* toy_drummer.usdz */,
			);
			path = models;
			sourceTree = "<group>";
		};
		57F000FA28B4BC48000F62C0 /* Sign */ = {
			isa = PBXGroup;
			children = (
				57F000FB28B4BC69000F62C0 /* Signin.swift */,
				57F000FD28B4BC7C000F62C0 /* Signup.swift */,
				57F0010128B4D3A2000F62C0 /* Signup2.swift */,
				57F0010328B4D564000F62C0 /* Signup3.swift */,
				57F000FF28B4C2F1000F62C0 /* Signpage.swift */,
			);
			path = Sign;
			sourceTree = "<group>";
		};
		BC3B4B8BA7AA485B57D86FEC /* Pods */ = {
			isa = PBXGroup;
			children = (
				8831628FB77C6F8523AD4E83 /* Pods-SoulMusic.debug.xcconfig */,
				85993B45A51967348DD6B927 /* Pods-SoulMusic.release.xcconfig */,
				1177743D1F5AF6145ABD0F92 /* Pods-SoulMusic-SoulMusicUITests.debug.xcconfig */,
				D9C4BCE3C989B885554CD9BC /* Pods-SoulMusic-SoulMusicUITests.release.xcconfig */,
				C8E3CC91C97D11BD93857112 /* Pods-SoulMusicTests.debug.xcconfig */,
				BF94F643E0867B273CBC6E9D /* Pods-SoulMusicTests.release.xcconfig */,
			);
			path = Pods;
			sourceTree = "<group>";
		};
/* End PBXGroup section */

/* Begin PBXNativeTarget section */
		577B35B328AA04B3007DDC91 /* SoulMusic */ = {
			isa = PBXNativeTarget;
			buildConfigurationList = 577B35DD28AA04B5007DDC91 /* Build configuration list for PBXNativeTarget "SoulMusic" */;
			buildPhases = (
				F90170EB61F6FA0E59145378 /* [CP] Check Pods Manifest.lock */,
				577B35B028AA04B3007DDC91 /* Sources */,
				577B35B128AA04B3007DDC91 /* Frameworks */,
				577B35B228AA04B3007DDC91 /* Resources */,
				C381108698E58FE161F9BA08 /* [CP] Embed Pods Frameworks */,
			);
			buildRules = (
			);
			dependencies = (
			);
			name = SoulMusic;
			packageProductDependencies = (
				57E1071728B7581B003D8527 /* SmartHitTest */,
				57EAD46028B763CC006587B7 /* FocusEntity */,
			);
			productName = SoulMusic;
			productReference = 577B35B428AA04B3007DDC91 /* SoulMusic.app */;
			productType = "com.apple.product-type.application";
		};
		577B35C828AA04B5007DDC91 /* SoulMusicTests */ = {
			isa = PBXNativeTarget;
			buildConfigurationList = 577B35E028AA04B5007DDC91 /* Build configuration list for PBXNativeTarget "SoulMusicTests" */;
			buildPhases = (
				DA5D62447BBE2C0F2D60E428 /* [CP] Check Pods Manifest.lock */,
				577B35C528AA04B5007DDC91 /* Sources */,
				577B35C628AA04B5007DDC91 /* Frameworks */,
				577B35C728AA04B5007DDC91 /* Resources */,
			);
			buildRules = (
			);
			dependencies = (
				577B35CB28AA04B5007DDC91 /* PBXTargetDependency */,
			);
			name = SoulMusicTests;
			productName = SoulMusicTests;
			productReference = 577B35C928AA04B5007DDC91 /* SoulMusicTests.xctest */;
			productType = "com.apple.product-type.bundle.unit-test";
		};
		577B35D228AA04B5007DDC91 /* SoulMusicUITests */ = {
			isa = PBXNativeTarget;
			buildConfigurationList = 577B35E328AA04B5007DDC91 /* Build configuration list for PBXNativeTarget "SoulMusicUITests" */;
			buildPhases = (
				EF5EA33E50E54DB86BB98FF3 /* [CP] Check Pods Manifest.lock */,
				577B35CF28AA04B5007DDC91 /* Sources */,
				577B35D028AA04B5007DDC91 /* Frameworks */,
				577B35D128AA04B5007DDC91 /* Resources */,
				9FF22C79C5FA8F2065FDF0B9 /* [CP] Embed Pods Frameworks */,
			);
			buildRules = (
			);
			dependencies = (
				577B35D528AA04B5007DDC91 /* PBXTargetDependency */,
			);
			name = SoulMusicUITests;
			productName = SoulMusicUITests;
			productReference = 577B35D328AA04B5007DDC91 /* SoulMusicUITests.xctest */;
			productType = "com.apple.product-type.bundle.ui-testing";
		};
/* End PBXNativeTarget section */

/* Begin PBXProject section */
		577B35AC28AA04B3007DDC91 /* Project object */ = {
			isa = PBXProject;
			attributes = {
				BuildIndependentTargetsInParallel = 1;
				LastSwiftUpdateCheck = 1340;
				LastUpgradeCheck = 1340;
				TargetAttributes = {
					577B35B328AA04B3007DDC91 = {
						CreatedOnToolsVersion = 13.4.1;
					};
					577B35C828AA04B5007DDC91 = {
						CreatedOnToolsVersion = 13.4.1;
						TestTargetID = 577B35B328AA04B3007DDC91;
					};
					577B35D228AA04B5007DDC91 = {
						CreatedOnToolsVersion = 13.4.1;
						TestTargetID = 577B35B328AA04B3007DDC91;
					};
				};
			};
			buildConfigurationList = 577B35AF28AA04B3007DDC91 /* Build configuration list for PBXProject "SoulMusic" */;
			compatibilityVersion = "Xcode 13.0";
			developmentRegion = en;
			hasScannedForEncodings = 0;
			knownRegions = (
				en,
				Base,
			);
			mainGroup = 577B35AB28AA04B3007DDC91;
			packageReferences = (
				57E1071628B7581B003D8527 /* XCRemoteSwiftPackageReference "ARKit-SmartHitTest" */,
				57EAD45F28B763CC006587B7 /* XCRemoteSwiftPackageReference "FocusEntity" */,
			);
			productRefGroup = 577B35B528AA04B3007DDC91 /* Products */;
			projectDirPath = "";
			projectRoot = "";
			targets = (
				577B35B328AA04B3007DDC91 /* SoulMusic */,
				577B35C828AA04B5007DDC91 /* SoulMusicTests */,
				577B35D228AA04B5007DDC91 /* SoulMusicUITests */,
			);
		};
/* End PBXProject section */

/* Begin PBXResourcesBuildPhase section */
		577B35B228AA04B3007DDC91 /* Resources */ = {
			isa = PBXResourcesBuildPhase;
			buildActionMask = 2147483647;
			files = (
				577B35BF28AA04B5007DDC91 /* Preview Assets.xcassets in Resources */,
				57EAD46928B7784C006587B7 /* fender_stratocaster.usdz in Resources */,
				570070BF28B390C700E1C71F /* test.mp4 in Resources */,
				57E1071A28B7583F003D8527 /* models in Resources */,
				577B35BC28AA04B5007DDC91 /* Assets.xcassets in Resources */,
				57EAD46B28B7784C006587B7 /* gramophone.usdz in Resources */,
				57EAD46A28B7784C006587B7 /* toy_drummer.usdz in Resources */,
			);
			runOnlyForDeploymentPostprocessing = 0;
		};
		577B35C728AA04B5007DDC91 /* Resources */ = {
			isa = PBXResourcesBuildPhase;
			buildActionMask = 2147483647;
			files = (
			);
			runOnlyForDeploymentPostprocessing = 0;
		};
		577B35D128AA04B5007DDC91 /* Resources */ = {
			isa = PBXResourcesBuildPhase;
			buildActionMask = 2147483647;
			files = (
			);
			runOnlyForDeploymentPostprocessing = 0;
		};
/* End PBXResourcesBuildPhase section */

/* Begin PBXShellScriptBuildPhase section */
		9FF22C79C5FA8F2065FDF0B9 /* [CP] Embed Pods Frameworks */ = {
			isa = PBXShellScriptBuildPhase;
			buildActionMask = 2147483647;
			files = (
			);
			inputFileListPaths = (
				"${PODS_ROOT}/Target Support Files/Pods-SoulMusic-SoulMusicUITests/Pods-SoulMusic-SoulMusicUITests-frameworks-${CONFIGURATION}-input-files.xcfilelist",
			);
			name = "[CP] Embed Pods Frameworks";
			outputFileListPaths = (
				"${PODS_ROOT}/Target Support Files/Pods-SoulMusic-SoulMusicUITests/Pods-SoulMusic-SoulMusicUITests-frameworks-${CONFIGURATION}-output-files.xcfilelist",
			);
			runOnlyForDeploymentPostprocessing = 0;
			shellPath = /bin/sh;
			shellScript = "\"${PODS_ROOT}/Target Support Files/Pods-SoulMusic-SoulMusicUITests/Pods-SoulMusic-SoulMusicUITests-frameworks.sh\"\n";
			showEnvVarsInLog = 0;
		};
		C381108698E58FE161F9BA08 /* [CP] Embed Pods Frameworks */ = {
			isa = PBXShellScriptBuildPhase;
			buildActionMask = 2147483647;
			files = (
			);
			inputFileListPaths = (
				"${PODS_ROOT}/Target Support Files/Pods-SoulMusic/Pods-SoulMusic-frameworks-${CONFIGURATION}-input-files.xcfilelist",
			);
			name = "[CP] Embed Pods Frameworks";
			outputFileListPaths = (
				"${PODS_ROOT}/Target Support Files/Pods-SoulMusic/Pods-SoulMusic-frameworks-${CONFIGURATION}-output-files.xcfilelist",
			);
			runOnlyForDeploymentPostprocessing = 0;
			shellPath = /bin/sh;
			shellScript = "\"${PODS_ROOT}/Target Support Files/Pods-SoulMusic/Pods-SoulMusic-frameworks.sh\"\n";
			showEnvVarsInLog = 0;
		};
		DA5D62447BBE2C0F2D60E428 /* [CP] Check Pods Manifest.lock */ = {
			isa = PBXShellScriptBuildPhase;
			buildActionMask = 2147483647;
			files = (
			);
			inputFileListPaths = (
			);
			inputPaths = (
				"${PODS_PODFILE_DIR_PATH}/Podfile.lock",
				"${PODS_ROOT}/Manifest.lock",
			);
			name = "[CP] Check Pods Manifest.lock";
			outputFileListPaths = (
			);
			outputPaths = (
				"$(DERIVED_FILE_DIR)/Pods-SoulMusicTests-checkManifestLockResult.txt",
			);
			runOnlyForDeploymentPostprocessing = 0;
			shellPath = /bin/sh;
			shellScript = "diff \"${PODS_PODFILE_DIR_PATH}/Podfile.lock\" \"${PODS_ROOT}/Manifest.lock\" > /dev/null\nif [ $? != 0 ] ; then\n    # print error to STDERR\n    echo \"error: The sandbox is not in sync with the Podfile.lock. Run 'pod install' or update your CocoaPods installation.\" >&2\n    exit 1\nfi\n# This output is used by Xcode 'outputs' to avoid re-running this script phase.\necho \"SUCCESS\" > \"${SCRIPT_OUTPUT_FILE_0}\"\n";
			showEnvVarsInLog = 0;
		};
		EF5EA33E50E54DB86BB98FF3 /* [CP] Check Pods Manifest.lock */ = {
			isa = PBXShellScriptBuildPhase;
			buildActionMask = 2147483647;
			files = (
			);
			inputFileListPaths = (
			);
			inputPaths = (
				"${PODS_PODFILE_DIR_PATH}/Podfile.lock",
				"${PODS_ROOT}/Manifest.lock",
			);
			name = "[CP] Check Pods Manifest.lock";
			outputFileListPaths = (
			);
			outputPaths = (
				"$(DERIVED_FILE_DIR)/Pods-SoulMusic-SoulMusicUITests-checkManifestLockResult.txt",
			);
			runOnlyForDeploymentPostprocessing = 0;
			shellPath = /bin/sh;
			shellScript = "diff \"${PODS_PODFILE_DIR_PATH}/Podfile.lock\" \"${PODS_ROOT}/Manifest.lock\" > /dev/null\nif [ $? != 0 ] ; then\n    # print error to STDERR\n    echo \"error: The sandbox is not in sync with the Podfile.lock. Run 'pod install' or update your CocoaPods installation.\" >&2\n    exit 1\nfi\n# This output is used by Xcode 'outputs' to avoid re-running this script phase.\necho \"SUCCESS\" > \"${SCRIPT_OUTPUT_FILE_0}\"\n";
			showEnvVarsInLog = 0;
		};
		F90170EB61F6FA0E59145378 /* [CP] Check Pods Manifest.lock */ = {
			isa = PBXShellScriptBuildPhase;
			buildActionMask = 2147483647;
			files = (
			);
			inputFileListPaths = (
			);
			inputPaths = (
				"${PODS_PODFILE_DIR_PATH}/Podfile.lock",
				"${PODS_ROOT}/Manifest.lock",
			);
			name = "[CP] Check Pods Manifest.lock";
			outputFileListPaths = (
			);
			outputPaths = (
				"$(DERIVED_FILE_DIR)/Pods-SoulMusic-checkManifestLockResult.txt",
			);
			runOnlyForDeploymentPostprocessing = 0;
			shellPath = /bin/sh;
			shellScript = "diff \"${PODS_PODFILE_DIR_PATH}/Podfile.lock\" \"${PODS_ROOT}/Manifest.lock\" > /dev/null\nif [ $? != 0 ] ; then\n    # print error to STDERR\n    echo \"error: The sandbox is not in sync with the Podfile.lock. Run 'pod install' or update your CocoaPods installation.\" >&2\n    exit 1\nfi\n# This output is used by Xcode 'outputs' to avoid re-running this script phase.\necho \"SUCCESS\" > \"${SCRIPT_OUTPUT_FILE_0}\"\n";
			showEnvVarsInLog = 0;
		};
/* End PBXShellScriptBuildPhase section */

/* Begin PBXSourcesBuildPhase section */
		577B35B028AA04B3007DDC91 /* Sources */ = {
			isa = PBXSourcesBuildPhase;
			buildActionMask = 2147483647;
			files = (
				5745159028ABE07B00CA0DDA /* MenuView.swift in Sources */,
				571A15D728B26BD40044C99B /* AriaCard.swift in Sources */,
				577B35F328AA432C007DDC91 /* Data.swift in Sources */,
				571A15E328B290560044C99B /* NotCard.swift in Sources */,
				577B35C128AA04B5007DDC91 /* Persistence.swift in Sources */,
				577B35BA28AA04B3007DDC91 /* ContentView.swift in Sources */,
				577B35C428AA04B5007DDC91 /* SoulMusic.xcdatamodeld in Sources */,
				57F000FC28B4BC69000F62C0 /* Signin.swift in Sources */,
				577B360B28AA9A76007DDC91 /* FocusView.swift in Sources */,
				577B35FB28AA6D6C007DDC91 /* FunctionView.swift in Sources */,
				577B35FF28AA70A4007DDC91 /* Extension.swift in Sources */,
				578356E728ADE1CC008F34FB /* RemarkCard.swift in Sources */,
				577B360D28AA9C80007DDC91 /* TravelView.swift in Sources */,
				578356E928AE4DBE008F34FB /* SearchDetailView.swift in Sources */,
				5756136528AB9359002F6F1C /* SongList.swift in Sources */,
				577B35EF28AA0DEE007DDC91 /* TabbarView.swift in Sources */,
				57F76C8728B14F4600368CE7 /* ShareView.swift in Sources */,
				571A15D928B2719C0044C99B /* ProfileMoreView.swift in Sources */,
				57FE773C28B0C2BA007A0C6A /* MobileNetV2.mlmodel in Sources */,
				57EAD46528B7761E006587B7 /* modelmanger.swift in Sources */,
				577B35F128AA38A3007DDC91 /* SearchView.swift in Sources */,
				571A15E128B285700044C99B /* NotSearchView.swift in Sources */,
				57F76C8928B161A800368CE7 /* MoreView.swift in Sources */,
				5743682C28B36B4200BD9AAC /* ARcommunityView.swift in Sources */,
				577B360528AA8009007DDC91 /* CardBar.swift in Sources */,
				5756136928AB9A63002F6F1C /* NavView.swift in Sources */,
				57F000FE28B4BC7C000F62C0 /* Signup.swift in Sources */,
				577B360328AA7FEF007DDC91 /* CardName.swift in Sources */,
				57EAD46328B775F3006587B7 /* ARmakerView.swift in Sources */,
				57F0010428B4D564000F62C0 /* Signup3.swift in Sources */,
				5756136328AB8241002F6F1C /* MainView.swift in Sources */,
				571A15DB28B276190044C99B /* PeopleProfileView.swift in Sources */,
				577B361128AA9E4E007DDC91 /* WelcomeView.swift in Sources */,
				577B360128AA7EF5007DDC91 /* PicCard.swift in Sources */,
				57F0010028B4C2F1000F62C0 /* Signpage.swift in Sources */,
				571A15D528B22F900044C99B /* FullScreenView.swift in Sources */,
				57F0010228B4D3A2000F62C0 /* Signup2.swift in Sources */,
				57EE451C28AFE10E005F50A9 /* CameraView.swift in Sources */,
				577B35F928AA5112007DDC91 /* TabtitleView.swift in Sources */,
				5756136128AAC346002F6F1C /* ProfileView.swift in Sources */,
				571A15DF28B2847E0044C99B /* NotView.swift in Sources */,
				577B35B828AA04B3007DDC91 /* SoulMusicApp.swift in Sources */,
				577B360728AA9089007DDC91 /* RecommendView.swift in Sources */,
				5756136728AB97AE002F6F1C /* SettingView.swift in Sources */,
			);
			runOnlyForDeploymentPostprocessing = 0;
		};
		577B35C528AA04B5007DDC91 /* Sources */ = {
			isa = PBXSourcesBuildPhase;
			buildActionMask = 2147483647;
			files = (
				577B35CE28AA04B5007DDC91 /* SoulMusicTests.swift in Sources */,
			);
			runOnlyForDeploymentPostprocessing = 0;
		};
		577B35CF28AA04B5007DDC91 /* Sources */ = {
			isa = PBXSourcesBuildPhase;
			buildActionMask = 2147483647;
			files = (
				577B35D828AA04B5007DDC91 /* SoulMusicUITests.swift in Sources */,
				577B35DA28AA04B5007DDC91 /* SoulMusicUITestsLaunchTests.swift in Sources */,
			);
			runOnlyForDeploymentPostprocessing = 0;
		};
/* End PBXSourcesBuildPhase section */

/* Begin PBXTargetDependency section */
		577B35CB28AA04B5007DDC91 /* PBXTargetDependency */ = {
			isa = PBXTargetDependency;
			target = 577B35B328AA04B3007DDC91 /* SoulMusic */;
			targetProxy = 577B35CA28AA04B5007DDC91 /* PBXContainerItemProxy */;
		};
		577B35D528AA04B5007DDC91 /* PBXTargetDependency */ = {
			isa = PBXTargetDependency;
			target = 577B35B328AA04B3007DDC91 /* SoulMusic */;
			targetProxy = 577B35D428AA04B5007DDC91 /* PBXContainerItemProxy */;
		};
/* End PBXTargetDependency section */

/* Begin XCBuildConfiguration section */
		577B35DB28AA04B5007DDC91 /* Debug */ = {
			isa = XCBuildConfiguration;
			buildSettings = {
				ALWAYS_SEARCH_USER_PATHS = NO;
				CLANG_ANALYZER_NONNULL = YES;
				CLANG_ANALYZER_NUMBER_OBJECT_CONVERSION = YES_AGGRESSIVE;
				CLANG_CXX_LANGUAGE_STANDARD = "gnu++17";
				CLANG_ENABLE_MODULES = YES;
				CLANG_ENABLE_OBJC_ARC = YES;
				CLANG_ENABLE_OBJC_WEAK = YES;
				CLANG_WARN_BLOCK_CAPTURE_AUTORELEASING = YES;
				CLANG_WARN_BOOL_CONVERSION = YES;
				CLANG_WARN_COMMA = YES;
				CLANG_WARN_CONSTANT_CONVERSION = YES;
				CLANG_WARN_DEPRECATED_OBJC_IMPLEMENTATIONS = YES;
				CLANG_WARN_DIRECT_OBJC_ISA_USAGE = YES_ERROR;
				CLANG_WARN_DOCUMENTATION_COMMENTS = YES;
				CLANG_WARN_EMPTY_BODY = YES;
				CLANG_WARN_ENUM_CONVERSION = YES;
				CLANG_WARN_INFINITE_RECURSION = YES;
				CLANG_WARN_INT_CONVERSION = YES;
				CLANG_WARN_NON_LITERAL_NULL_CONVERSION = YES;
				CLANG_WARN_OBJC_IMPLICIT_RETAIN_SELF = YES;
				CLANG_WARN_OBJC_LITERAL_CONVERSION = YES;
				CLANG_WARN_OBJC_ROOT_CLASS = YES_ERROR;
				CLANG_WARN_QUOTED_INCLUDE_IN_FRAMEWORK_HEADER = YES;
				CLANG_WARN_RANGE_LOOP_ANALYSIS = YES;
				CLANG_WARN_STRICT_PROTOTYPES = YES;
				CLANG_WARN_SUSPICIOUS_MOVE = YES;
				CLANG_WARN_UNGUARDED_AVAILABILITY = YES_AGGRESSIVE;
				CLANG_WARN_UNREACHABLE_CODE = YES;
				CLANG_WARN__DUPLICATE_METHOD_MATCH = YES;
				COPY_PHASE_STRIP = NO;
				DEBUG_INFORMATION_FORMAT = dwarf;
				ENABLE_STRICT_OBJC_MSGSEND = YES;
				ENABLE_TESTABILITY = YES;
				GCC_C_LANGUAGE_STANDARD = gnu11;
				GCC_DYNAMIC_NO_PIC = NO;
				GCC_NO_COMMON_BLOCKS = YES;
				GCC_OPTIMIZATION_LEVEL = 0;
				GCC_PREPROCESSOR_DEFINITIONS = (
					"DEBUG=1",
					"$(inherited)",
				);
				GCC_WARN_64_TO_32_BIT_CONVERSION = YES;
				GCC_WARN_ABOUT_RETURN_TYPE = YES_ERROR;
				GCC_WARN_UNDECLARED_SELECTOR = YES;
				GCC_WARN_UNINITIALIZED_AUTOS = YES_AGGRESSIVE;
				GCC_WARN_UNUSED_FUNCTION = YES;
				GCC_WARN_UNUSED_VARIABLE = YES;
				IPHONEOS_DEPLOYMENT_TARGET = 15.5;
				MTL_ENABLE_DEBUG_INFO = INCLUDE_SOURCE;
				MTL_FAST_MATH = YES;
				ONLY_ACTIVE_ARCH = YES;
				SDKROOT = iphoneos;
				SWIFT_ACTIVE_COMPILATION_CONDITIONS = DEBUG;
				SWIFT_OPTIMIZATION_LEVEL = "-Onone";
			};
			name = Debug;
		};
		577B35DC28AA04B5007DDC91 /* Release */ = {
			isa = XCBuildConfiguration;
			buildSettings = {
				ALWAYS_SEARCH_USER_PATHS = NO;
				CLANG_ANALYZER_NONNULL = YES;
				CLANG_ANALYZER_NUMBER_OBJECT_CONVERSION = YES_AGGRESSIVE;
				CLANG_CXX_LANGUAGE_STANDARD = "gnu++17";
				CLANG_ENABLE_MODULES = YES;
				CLANG_ENABLE_OBJC_ARC = YES;
				CLANG_ENABLE_OBJC_WEAK = YES;
				CLANG_WARN_BLOCK_CAPTURE_AUTORELEASING = YES;
				CLANG_WARN_BOOL_CONVERSION = YES;
				CLANG_WARN_COMMA = YES;
				CLANG_WARN_CONSTANT_CONVERSION = YES;
				CLANG_WARN_DEPRECATED_OBJC_IMPLEMENTATIONS = YES;
				CLANG_WARN_DIRECT_OBJC_ISA_USAGE = YES_ERROR;
				CLANG_WARN_DOCUMENTATION_COMMENTS = YES;
				CLANG_WARN_EMPTY_BODY = YES;
				CLANG_WARN_ENUM_CONVERSION = YES;
				CLANG_WARN_INFINITE_RECURSION = YES;
				CLANG_WARN_INT_CONVERSION = YES;
				CLANG_WARN_NON_LITERAL_NULL_CONVERSION = YES;
				CLANG_WARN_OBJC_IMPLICIT_RETAIN_SELF = YES;
				CLANG_WARN_OBJC_LITERAL_CONVERSION = YES;
				CLANG_WARN_OBJC_ROOT_CLASS = YES_ERROR;
				CLANG_WARN_QUOTED_INCLUDE_IN_FRAMEWORK_HEADER = YES;
				CLANG_WARN_RANGE_LOOP_ANALYSIS = YES;
				CLANG_WARN_STRICT_PROTOTYPES = YES;
				CLANG_WARN_SUSPICIOUS_MOVE = YES;
				CLANG_WARN_UNGUARDED_AVAILABILITY = YES_AGGRESSIVE;
				CLANG_WARN_UNREACHABLE_CODE = YES;
				CLANG_WARN__DUPLICATE_METHOD_MATCH = YES;
				COPY_PHASE_STRIP = NO;
				DEBUG_INFORMATION_FORMAT = "dwarf-with-dsym";
				ENABLE_NS_ASSERTIONS = NO;
				ENABLE_STRICT_OBJC_MSGSEND = YES;
				GCC_C_LANGUAGE_STANDARD = gnu11;
				GCC_NO_COMMON_BLOCKS = YES;
				GCC_WARN_64_TO_32_BIT_CONVERSION = YES;
				GCC_WARN_ABOUT_RETURN_TYPE = YES_ERROR;
				GCC_WARN_UNDECLARED_SELECTOR = YES;
				GCC_WARN_UNINITIALIZED_AUTOS = YES_AGGRESSIVE;
				GCC_WARN_UNUSED_FUNCTION = YES;
				GCC_WARN_UNUSED_VARIABLE = YES;
				IPHONEOS_DEPLOYMENT_TARGET = 15.5;
				MTL_ENABLE_DEBUG_INFO = NO;
				MTL_FAST_MATH = YES;
				SDKROOT = iphoneos;
				SWIFT_COMPILATION_MODE = wholemodule;
				SWIFT_OPTIMIZATION_LEVEL = "-O";
				VALIDATE_PRODUCT = YES;
			};
			name = Release;
		};
		577B35DE28AA04B5007DDC91 /* Debug */ = {
			isa = XCBuildConfiguration;
			baseConfigurationReference = 8831628FB77C6F8523AD4E83 /* Pods-SoulMusic.debug.xcconfig */;
			buildSettings = {
				ASSETCATALOG_COMPILER_APPICON_NAME = AppIcon;
				ASSETCATALOG_COMPILER_GLOBAL_ACCENT_COLOR_NAME = AccentColor;
				CODE_SIGN_STYLE = Automatic;
				CURRENT_PROJECT_VERSION = 1;
				DEFINES_MODULE = YES;
				DEVELOPMENT_ASSET_PATHS = "\"SoulMusic/Preview Content\"";
				DEVELOPMENT_TEAM = L6CURLFW6J;
				ENABLE_PREVIEWS = YES;
				GENERATE_INFOPLIST_FILE = YES;
				INFOPLIST_KEY_NSCameraUsageDescription = "App需要访问您的相机";
				INFOPLIST_KEY_NSPhotoLibraryUsageDescription = "App需要访问您的相机";
				INFOPLIST_KEY_UIApplicationSceneManifest_Generation = YES;
				INFOPLIST_KEY_UIApplicationSupportsIndirectInputEvents = YES;
				INFOPLIST_KEY_UILaunchScreen_Generation = YES;
				INFOPLIST_KEY_UISupportedInterfaceOrientations = "";
				INFOPLIST_KEY_UISupportedInterfaceOrientations_iPad = "UIInterfaceOrientationPortrait UIInterfaceOrientationPortraitUpsideDown UIInterfaceOrientationLandscapeLeft UIInterfaceOrientationLandscapeRight";
				INFOPLIST_KEY_UISupportedInterfaceOrientations_iPhone = UIInterfaceOrientationPortrait;
				LD_RUNPATH_SEARCH_PATHS = (
					"$(inherited)",
					"@executable_path/Frameworks",
				);
				MARKETING_VERSION = 1.0;
				PRODUCT_BUNDLE_IDENTIFIER = "-.SmartCameraLBTA";
				PRODUCT_NAME = SoulMusic;
				SWIFT_EMIT_LOC_STRINGS = YES;
				SWIFT_INSTALL_OBJC_HEADER = YES;
				SWIFT_VERSION = 5.0;
				TARGETED_DEVICE_FAMILY = 1;
			};
			name = Debug;
		};
		577B35DF28AA04B5007DDC91 /* Release */ = {
			isa = XCBuildConfiguration;
			baseConfigurationReference = 85993B45A51967348DD6B927 /* Pods-SoulMusic.release.xcconfig */;
			buildSettings = {
				ASSETCATALOG_COMPILER_APPICON_NAME = AppIcon;
				ASSETCATALOG_COMPILER_GLOBAL_ACCENT_COLOR_NAME = AccentColor;
				CODE_SIGN_STYLE = Automatic;
				CURRENT_PROJECT_VERSION = 1;
				DEFINES_MODULE = YES;
				DEVELOPMENT_ASSET_PATHS = "\"SoulMusic/Preview Content\"";
				DEVELOPMENT_TEAM = L6CURLFW6J;
				ENABLE_PREVIEWS = YES;
				GENERATE_INFOPLIST_FILE = YES;
				INFOPLIST_KEY_NSCameraUsageDescription = "App需要访问您的相机";
				INFOPLIST_KEY_NSPhotoLibraryUsageDescription = "App需要访问您的相机";
				INFOPLIST_KEY_UIApplicationSceneManifest_Generation = YES;
				INFOPLIST_KEY_UIApplicationSupportsIndirectInputEvents = YES;
				INFOPLIST_KEY_UILaunchScreen_Generation = YES;
				INFOPLIST_KEY_UISupportedInterfaceOrientations = "";
				INFOPLIST_KEY_UISupportedInterfaceOrientations_iPad = "UIInterfaceOrientationPortrait UIInterfaceOrientationPortraitUpsideDown UIInterfaceOrientationLandscapeLeft UIInterfaceOrientationLandscapeRight";
				INFOPLIST_KEY_UISupportedInterfaceOrientations_iPhone = UIInterfaceOrientationPortrait;
				LD_RUNPATH_SEARCH_PATHS = (
					"$(inherited)",
					"@executable_path/Frameworks",
				);
				MARKETING_VERSION = 1.0;
				PRODUCT_BUNDLE_IDENTIFIER = "-.SmartCameraLBTA";
				PRODUCT_NAME = SoulMusic;
				SWIFT_EMIT_LOC_STRINGS = YES;
				SWIFT_INSTALL_OBJC_HEADER = YES;
				SWIFT_VERSION = 5.0;
				TARGETED_DEVICE_FAMILY = 1;
			};
			name = Release;
		};
		577B35E128AA04B5007DDC91 /* Debug */ = {
			isa = XCBuildConfiguration;
			baseConfigurationReference = C8E3CC91C97D11BD93857112 /* Pods-SoulMusicTests.debug.xcconfig */;
			buildSettings = {
				ALWAYS_EMBED_SWIFT_STANDARD_LIBRARIES = YES;
				BUNDLE_LOADER = "$(TEST_HOST)";
				CODE_SIGN_STYLE = Automatic;
				CURRENT_PROJECT_VERSION = 1;
				DEFINES_MODULE = YES;
				DEVELOPMENT_TEAM = L6CURLFW6J;
				GENERATE_INFOPLIST_FILE = YES;
				IPHONEOS_DEPLOYMENT_TARGET = 15.5;
				MARKETING_VERSION = 1.0;
				PRODUCT_BUNDLE_IDENTIFIER = SoulMusicTeam.SoulMusicTests;
				PRODUCT_NAME = "$(TARGET_NAME)";
				SWIFT_EMIT_LOC_STRINGS = NO;
				SWIFT_INSTALL_OBJC_HEADER = YES;
				SWIFT_VERSION = 5.0;
				TARGETED_DEVICE_FAMILY = "1,2";
				TEST_HOST = "$(BUILT_PRODUCTS_DIR)/SoulMusic.app/SoulMusic";
			};
			name = Debug;
		};
		577B35E228AA04B5007DDC91 /* Release */ = {
			isa = XCBuildConfiguration;
			baseConfigurationReference = BF94F643E0867B273CBC6E9D /* Pods-SoulMusicTests.release.xcconfig */;
			buildSettings = {
				ALWAYS_EMBED_SWIFT_STANDARD_LIBRARIES = YES;
				BUNDLE_LOADER = "$(TEST_HOST)";
				CODE_SIGN_STYLE = Automatic;
				CURRENT_PROJECT_VERSION = 1;
				DEFINES_MODULE = YES;
				DEVELOPMENT_TEAM = L6CURLFW6J;
				GENERATE_INFOPLIST_FILE = YES;
				IPHONEOS_DEPLOYMENT_TARGET = 15.5;
				MARKETING_VERSION = 1.0;
				PRODUCT_BUNDLE_IDENTIFIER = SoulMusicTeam.SoulMusicTests;
				PRODUCT_NAME = "$(TARGET_NAME)";
				SWIFT_EMIT_LOC_STRINGS = NO;
				SWIFT_INSTALL_OBJC_HEADER = YES;
				SWIFT_VERSION = 5.0;
				TARGETED_DEVICE_FAMILY = "1,2";
				TEST_HOST = "$(BUILT_PRODUCTS_DIR)/SoulMusic.app/SoulMusic";
			};
			name = Release;
		};
		577B35E428AA04B5007DDC91 /* Debug */ = {
			isa = XCBuildConfiguration;
			baseConfigurationReference = 1177743D1F5AF6145ABD0F92 /* Pods-SoulMusic-SoulMusicUITests.debug.xcconfig */;
			buildSettings = {
				ALWAYS_EMBED_SWIFT_STANDARD_LIBRARIES = YES;
				CODE_SIGN_STYLE = Automatic;
				CURRENT_PROJECT_VERSION = 1;
				DEVELOPMENT_TEAM = L6CURLFW6J;
				GENERATE_INFOPLIST_FILE = YES;
				MARKETING_VERSION = 1.0;
				PRODUCT_BUNDLE_IDENTIFIER = SoulMusicTeam.SoulMusicUITests;
				PRODUCT_NAME = "$(TARGET_NAME)";
				SWIFT_EMIT_LOC_STRINGS = NO;
				SWIFT_VERSION = 5.0;
				TARGETED_DEVICE_FAMILY = "1,2";
				TEST_TARGET_NAME = SoulMusic;
			};
			name = Debug;
		};
		577B35E528AA04B5007DDC91 /* Release */ = {
			isa = XCBuildConfiguration;
			baseConfigurationReference = D9C4BCE3C989B885554CD9BC /* Pods-SoulMusic-SoulMusicUITests.release.xcconfig */;
			buildSettings = {
				ALWAYS_EMBED_SWIFT_STANDARD_LIBRARIES = YES;
				CODE_SIGN_STYLE = Automatic;
				CURRENT_PROJECT_VERSION = 1;
				DEVELOPMENT_TEAM = L6CURLFW6J;
				GENERATE_INFOPLIST_FILE = YES;
				MARKETING_VERSION = 1.0;
				PRODUCT_BUNDLE_IDENTIFIER = SoulMusicTeam.SoulMusicUITests;
				PRODUCT_NAME = "$(TARGET_NAME)";
				SWIFT_EMIT_LOC_STRINGS = NO;
				SWIFT_VERSION = 5.0;
				TARGETED_DEVICE_FAMILY = "1,2";
				TEST_TARGET_NAME = SoulMusic;
			};
			name = Release;
		};
/* End XCBuildConfiguration section */

/* Begin XCConfigurationList section */
		577B35AF28AA04B3007DDC91 /* Build configuration list for PBXProject "SoulMusic" */ = {
			isa = XCConfigurationList;
			buildConfigurations = (
				577B35DB28AA04B5007DDC91 /* Debug */,
				577B35DC28AA04B5007DDC91 /* Release */,
			);
			defaultConfigurationIsVisible = 0;
			defaultConfigurationName = Release;
		};
		577B35DD28AA04B5007DDC91 /* Build configuration list for PBXNativeTarget "SoulMusic" */ = {
			isa = XCConfigurationList;
			buildConfigurations = (
				577B35DE28AA04B5007DDC91 /* Debug */,
				577B35DF28AA04B5007DDC91 /* Release */,
			);
			defaultConfigurationIsVisible = 0;
			defaultConfigurationName = Release;
		};
		577B35E028AA04B5007DDC91 /* Build configuration list for PBXNativeTarget "SoulMusicTests" */ = {
			isa = XCConfigurationList;
			buildConfigurations = (
				577B35E128AA04B5007DDC91 /* Debug */,
				577B35E228AA04B5007DDC91 /* Release */,
			);
			defaultConfigurationIsVisible = 0;
			defaultConfigurationName = Release;
		};
		577B35E328AA04B5007DDC91 /* Build configuration list for PBXNativeTarget "SoulMusicUITests" */ = {
			isa = XCConfigurationList;
			buildConfigurations = (
				577B35E428AA04B5007DDC91 /* Debug */,
				577B35E528AA04B5007DDC91 /* Release */,
			);
			defaultConfigurationIsVisible = 0;
			defaultConfigurationName = Release;
		};
/* End XCConfigurationList section */

/* Begin XCRemoteSwiftPackageReference section */
		57E1071628B7581B003D8527 /* XCRemoteSwiftPackageReference "ARKit-SmartHitTest" */ = {
			isa = XCRemoteSwiftPackageReference;
			repositoryURL = "https://github.com/maxxfrazer/ARKit-SmartHitTest";
			requirement = {
				kind = upToNextMajorVersion;
				minimumVersion = 2.0.0;
			};
		};
		57EAD45F28B763CC006587B7 /* XCRemoteSwiftPackageReference "FocusEntity" */ = {
			isa = XCRemoteSwiftPackageReference;
			repositoryURL = "https://github.com/maxxfrazer/FocusEntity";
			requirement = {
				kind = exactVersion;
				version = 1.1.1;
			};
		};
/* End XCRemoteSwiftPackageReference section */

/* Begin XCSwiftPackageProductDependency section */
		57E1071728B7581B003D8527 /* SmartHitTest */ = {
			isa = XCSwiftPackageProductDependency;
			package = 57E1071628B7581B003D8527 /* XCRemoteSwiftPackageReference "ARKit-SmartHitTest" */;
			productName = SmartHitTest;
		};
		57EAD46028B763CC006587B7 /* FocusEntity */ = {
			isa = XCSwiftPackageProductDependency;
			package = 57EAD45F28B763CC006587B7 /* XCRemoteSwiftPackageReference "FocusEntity" */;
			productName = FocusEntity;
		};
/* End XCSwiftPackageProductDependency section */

/* Begin XCVersionGroup section */
		577B35C228AA04B5007DDC91 /* SoulMusic.xcdatamodeld */ = {
			isa = XCVersionGroup;
			children = (
				577B35C328AA04B5007DDC91 /* SoulMusic.xcdatamodel */,
			);
			currentVersion = 577B35C328AA04B5007DDC91 /* SoulMusic.xcdatamodel */;
			path = SoulMusic.xcdatamodeld;
			sourceTree = "<group>";
			versionGroupType = wrapper.xcdatamodel;
		};
/* End XCVersionGroup section */
	};
	rootObject = 577B35AC28AA04B3007DDC91 /* Project object */;
}
